
Microsoft Visual Studio Solution File, Format Version 12.00
# Visual Studio Version 17
VisualStudioVersion = 17.4.33103.184
MinimumVisualStudioVersion = 10.0.40219.1
Project("{FAE04EC0-301F-11D3-BF4B-00C04F79EFBC}") = "BildingTime", "BildingTime\BildingTime.csproj", "{619B3CFE-0BDE-4078-AAE5-0BB9A399E129}"
EndProject
Global
	GlobalSection(SolutionConfigurationPlatforms) = preSolution
		Debug|Any CPU = Debug|Any CPU
		Release|Any CPU = Release|Any CPU
	EndGlobalSection
	GlobalSection(ProjectConfigurationPlatforms) = postSolution
		{619B3CFE-0BDE-4078-AAE5-0BB9A399E129}.Debug|Any CPU.ActiveCfg = Debug|Any CPU
		{619B3CFE-0BDE-4078-AAE5-0BB9A399E129}.Debug|Any CPU.Build.0 = Debug|Any CPU
		{619B3CFE-0BDE-4078-AAE5-0BB9A399E129}.Release|Any CPU.ActiveCfg = Release|Any CPU
		{619B3CFE-0BDE-4078-AAE5-0BB9A399E129}.Release|Any CPU.Build.0 = Release|Any CPU
	EndGlobalSection
	GlobalSection(SolutionProperties) = preSolution
		HideSolutionNode = FALSE
	EndGlobalSection
	GlobalSection(ExtensibilityGlobals) = postSolution
		SolutionGuid = {93BF3D6C-2DDF-49F5-981D-2E93DB4799C7}
	EndGlobalSection
EndGlobal
